
Microsoft Visual Studio Solution File, Format Version 12.00
# Visual Studio Version 17
VisualStudioVersion = 17.2.32526.322
MinimumVisualStudioVersion = 10.0.40219.1
Project("{FAE04EC0-301F-11D3-BF4B-00C04F79EFBC}") = "WebApp", "WebApp\WebApp.csproj", "{45F9164C-F2FC-484D-92D9-9B23DA19D542}"
EndProject
Project("{FAE04EC0-301F-11D3-BF4B-00C04F79EFBC}") = "SyncService", "SyncService\SyncService.csproj", "{B25551DB-2DA5-4222-8F49-DA1186C0B0E6}"
EndProject
Global
	GlobalSection(SolutionConfigurationPlatforms) = preSolution
		Debug|Any CPU = Debug|Any CPU
		Release|Any CPU = Release|Any CPU
	EndGlobalSection
	GlobalSection(ProjectConfigurationPlatforms) = postSolution
		{45F9164C-F2FC-484D-92D9-9B23DA19D542}.Debug|Any CPU.ActiveCfg = Debug|Any CPU
		{45F9164C-F2FC-484D-92D9-9B23DA19D542}.Debug|Any CPU.Build.0 = Debug|Any CPU
		{45F9164C-F2FC-484D-92D9-9B23DA19D542}.Release|Any CPU.ActiveCfg = Release|Any CPU
		{45F9164C-F2FC-484D-92D9-9B23DA19D542}.Release|Any CPU.Build.0 = Release|Any CPU
		{B25551DB-2DA5-4222-8F49-DA1186C0B0E6}.Debug|Any CPU.ActiveCfg = Debug|Any CPU
		{B25551DB-2DA5-4222-8F49-DA1186C0B0E6}.Debug|Any CPU.Build.0 = Debug|Any CPU
		{B25551DB-2DA5-4222-8F49-DA1186C0B0E6}.Release|Any CPU.ActiveCfg = Release|Any CPU
		{B25551DB-2DA5-4222-8F49-DA1186C0B0E6}.Release|Any CPU.Build.0 = Release|Any CPU
	EndGlobalSection
	GlobalSection(SolutionProperties) = preSolution
		HideSolutionNode = FALSE
	EndGlobalSection
	GlobalSection(ExtensibilityGlobals) = postSolution
		SolutionGuid = {89D0A9BE-3259-45D0-AFB8-15ECEF06EC2B}
	EndGlobalSection
EndGlobal
